
Microsoft Visual Studio Solution File, Format Version 12.00
# Visual Studio Version 16
VisualStudioVersion = 16.0.29306.81
MinimumVisualStudioVersion = 10.0.40219.1
Project("{FAE04EC0-301F-11D3-BF4B-00C04F79EFBC}") = "serialPortController", "serialPortController\serialPortController.csproj", "{372C04F0-3AB5-4E9E-B8D4-893892D3EAEC}"
EndProject
Global
	GlobalSection(SolutionConfigurationPlatforms) = preSolution
		Debug|Any CPU = Debug|Any CPU
		Release|Any CPU = Release|Any CPU
	EndGlobalSection
	GlobalSection(ProjectConfigurationPlatforms) = postSolution
		{372C04F0-3AB5-4E9E-B8D4-893892D3EAEC}.Debug|Any CPU.ActiveCfg = Debug|Any CPU
		{372C04F0-3AB5-4E9E-B8D4-893892D3EAEC}.Debug|Any CPU.Build.0 = Debug|Any CPU
		{372C04F0-3AB5-4E9E-B8D4-893892D3EAEC}.Release|Any CPU.ActiveCfg = Release|Any CPU
		{372C04F0-3AB5-4E9E-B8D4-893892D3EAEC}.Release|Any CPU.Build.0 = Release|Any CPU
	EndGlobalSection
	GlobalSection(SolutionProperties) = preSolution
		HideSolutionNode = FALSE
	EndGlobalSection
	GlobalSection(ExtensibilityGlobals) = postSolution
		SolutionGuid = {75129C3B-D810-465D-BBDB-24C37493B295}
	EndGlobalSection
EndGlobal
