
Microsoft Visual Studio Solution File, Format Version 12.00
# Visual Studio Version 16
VisualStudioVersion = 16.0.29926.136
MinimumVisualStudioVersion = 10.0.40219.1
Project("{FAE04EC0-301F-11D3-BF4B-00C04F79EFBC}") = "knihovna", "knihovna.csproj", "{A0FC16A0-5DC8-42B3-8B8A-63858831D377}"
EndProject
Global
	GlobalSection(SolutionConfigurationPlatforms) = preSolution
		Debug|Any CPU = Debug|Any CPU
		Release|Any CPU = Release|Any CPU
	EndGlobalSection
	GlobalSection(ProjectConfigurationPlatforms) = postSolution
		{A0FC16A0-5DC8-42B3-8B8A-63858831D377}.Debug|Any CPU.ActiveCfg = Debug|Any CPU
		{A0FC16A0-5DC8-42B3-8B8A-63858831D377}.Debug|Any CPU.Build.0 = Debug|Any CPU
		{A0FC16A0-5DC8-42B3-8B8A-63858831D377}.Release|Any CPU.ActiveCfg = Release|Any CPU
		{A0FC16A0-5DC8-42B3-8B8A-63858831D377}.Release|Any CPU.Build.0 = Release|Any CPU
	EndGlobalSection
	GlobalSection(SolutionProperties) = preSolution
		HideSolutionNode = FALSE
	EndGlobalSection
	GlobalSection(ExtensibilityGlobals) = postSolution
		SolutionGuid = {5A926970-803D-4E01-B9E4-153E82DC819D}
	EndGlobalSection
EndGlobal
